
Microsoft Visual Studio Solution File, Format Version 12.00
# Visual Studio Version 16
VisualStudioVersion = 16.0.29806.167
MinimumVisualStudioVersion = 10.0.40219.1
Project("{9A19103F-16F7-4668-BE54-9A1E7A4F7556}") = "ASMembershipSystem.Core", "ASMembershipSystem.Core\ASMembershipSystem.Core.csproj", "{88CDA020-9118-40EB-B6EB-5DD6F63D872E}"
EndProject
Project("{9A19103F-16F7-4668-BE54-9A1E7A4F7556}") = "ASMembershipSystem.Core.Tests", "ASMembershipSystem.Core.Tests\ASMembershipSystem.Core.Tests.csproj", "{707FFD3D-0D48-4AEE-93B2-EEE28CDB0268}"
EndProject
Project("{9A19103F-16F7-4668-BE54-9A1E7A4F7556}") = "ASMembershipSystem.DataAccess", "ASMembershipSystem.DataAccess\ASMembershipSystem.DataAccess.csproj", "{AD27B1C7-4D02-46FC-9203-016E89A44D48}"
EndProject
Project("{9A19103F-16F7-4668-BE54-9A1E7A4F7556}") = "ASMembershipSystem.DataAccess.Tests", "ASMembershipSystem.DataAccess.Tests\ASMembershipSystem.DataAccess.Tests.csproj", "{3B7CA843-0DEE-4076-A217-E9EEB923B4DC}"
EndProject
Project("{9A19103F-16F7-4668-BE54-9A1E7A4F7556}") = "ASMembershipSystem.API", "ASMembershipSystem.API\ASMembershipSystem.API.csproj", "{63E79C2D-9794-44F6-B63A-315D7EAD3765}"
EndProject
Project("{FAE04EC0-301F-11D3-BF4B-00C04F79EFBC}") = "ASMembershipSystem.API.Tests", "ASMembershipSystem.API.Tests\ASMembershipSystem.API.Tests.csproj", "{AC56B231-69DF-4DD6-AABD-67F4A6AB9D70}"
EndProject
Global
	GlobalSection(SolutionConfigurationPlatforms) = preSolution
		Debug|Any CPU = Debug|Any CPU
		Release|Any CPU = Release|Any CPU
	EndGlobalSection
	GlobalSection(ProjectConfigurationPlatforms) = postSolution
		{88CDA020-9118-40EB-B6EB-5DD6F63D872E}.Debug|Any CPU.ActiveCfg = Debug|Any CPU
		{88CDA020-9118-40EB-B6EB-5DD6F63D872E}.Debug|Any CPU.Build.0 = Debug|Any CPU
		{88CDA020-9118-40EB-B6EB-5DD6F63D872E}.Release|Any CPU.ActiveCfg = Release|Any CPU
		{88CDA020-9118-40EB-B6EB-5DD6F63D872E}.Release|Any CPU.Build.0 = Release|Any CPU
		{707FFD3D-0D48-4AEE-93B2-EEE28CDB0268}.Debug|Any CPU.ActiveCfg = Debug|Any CPU
		{707FFD3D-0D48-4AEE-93B2-EEE28CDB0268}.Debug|Any CPU.Build.0 = Debug|Any CPU
		{707FFD3D-0D48-4AEE-93B2-EEE28CDB0268}.Release|Any CPU.ActiveCfg = Release|Any CPU
		{707FFD3D-0D48-4AEE-93B2-EEE28CDB0268}.Release|Any CPU.Build.0 = Release|Any CPU
		{AD27B1C7-4D02-46FC-9203-016E89A44D48}.Debug|Any CPU.ActiveCfg = Debug|Any CPU
		{AD27B1C7-4D02-46FC-9203-016E89A44D48}.Debug|Any CPU.Build.0 = Debug|Any CPU
		{AD27B1C7-4D02-46FC-9203-016E89A44D48}.Release|Any CPU.ActiveCfg = Release|Any CPU
		{AD27B1C7-4D02-46FC-9203-016E89A44D48}.Release|Any CPU.Build.0 = Release|Any CPU
		{3B7CA843-0DEE-4076-A217-E9EEB923B4DC}.Debug|Any CPU.ActiveCfg = Debug|Any CPU
		{3B7CA843-0DEE-4076-A217-E9EEB923B4DC}.Debug|Any CPU.Build.0 = Debug|Any CPU
		{3B7CA843-0DEE-4076-A217-E9EEB923B4DC}.Release|Any CPU.ActiveCfg = Release|Any CPU
		{3B7CA843-0DEE-4076-A217-E9EEB923B4DC}.Release|Any CPU.Build.0 = Release|Any CPU
		{63E79C2D-9794-44F6-B63A-315D7EAD3765}.Debug|Any CPU.ActiveCfg = Debug|Any CPU
		{63E79C2D-9794-44F6-B63A-315D7EAD3765}.Debug|Any CPU.Build.0 = Debug|Any CPU
		{63E79C2D-9794-44F6-B63A-315D7EAD3765}.Release|Any CPU.ActiveCfg = Release|Any CPU
		{63E79C2D-9794-44F6-B63A-315D7EAD3765}.Release|Any CPU.Build.0 = Release|Any CPU
		{AC56B231-69DF-4DD6-AABD-67F4A6AB9D70}.Debug|Any CPU.ActiveCfg = Debug|Any CPU
		{AC56B231-69DF-4DD6-AABD-67F4A6AB9D70}.Debug|Any CPU.Build.0 = Debug|Any CPU
		{AC56B231-69DF-4DD6-AABD-67F4A6AB9D70}.Release|Any CPU.ActiveCfg = Release|Any CPU
		{AC56B231-69DF-4DD6-AABD-67F4A6AB9D70}.Release|Any CPU.Build.0 = Release|Any CPU
	EndGlobalSection
	GlobalSection(SolutionProperties) = preSolution
		HideSolutionNode = FALSE
	EndGlobalSection
	GlobalSection(ExtensibilityGlobals) = postSolution
		SolutionGuid = {38F42D08-7CC4-4229-9F81-D7912FA5A3C5}
	EndGlobalSection
EndGlobal
